{
  "name": "@factorforge/model-access",
  "version": "2.4.0",
  "lockfileVersion": 3,
  "requires": true,
  "packages": {
    "": {
      "name": "@factorforge/model-access",
      "version": "2.4.0",
      "dependencies": {
        "@oh-my-pi/pi-ai": "18.8.7",
        "@oh-my-pi/pi-catalog": "18.8.7",
        "@oh-my-pi/pi-tui": "18.8.7",
        "@oh-my-pi/pi-utils": "18.8.7",
        "jose": "6.2.12",
        "openai": "7.32.0",
        "puppeteer-core": "25.3.0",
        "smol-toml": "1.9.1",
        "string-width": "8.3.0"
      },
      "devDependencies": {
        "@types/bun": "1.3.14",
        "@types/node": "22.19.7",
        "typescript": "5.9.3"
      },
      "engines": {
        "bun": ">=1.3.14",
        "node": ">=22.23.1"
      }
    },
    "node_modules/@oh-my-pi/omptype": {
      "version": "18.8.7",
      "resolved": "https://registry.npmjs.org/@oh-my-pi/omptype/-/omptype-18.8.7.tgz",
      "integrity": "sha512-q53LZHIUO3vVXxpv2epSoANzgrcMwDKVFzSMTXCG0va9tEJ5ebjnJQ5bW8dQTYyR2OymoxQW/0o3wZ04Ugjpeg==",
      "license": "MIT",
      "engines": {
        "bun": ">=1.3.14",
        "node": ">=20"
      }
    },
    "node_modules/@oh-my-pi/pi-agent-core": {
      "version": "18.8.7",
      "resolved": "https://registry.npmjs.org/@oh-my-pi/pi-agent-core/-/pi-agent-core-18.8.7.tgz",
      "integrity": "sha512-uWWYcpMroa5B0madsvEhM7lvd0mAL/wzttQfrtDfeLHlL5OT+jc6TqgS9QValLtGdeXZ8gUWoswrdE6vgA3cwQ==",
      "license": "MIT",
      "dependencies": {
        "@oh-my-pi/pi-ai": "18.8.7",
        "@oh-my-pi/pi-catalog": "18.8.7",
        "@oh-my-pi/pi-natives": "18.8.7",
        "@oh-my-pi/pi-utils": "18.8.7",
        "@oh-my-pi/pi-wire": "18.8.7",
        "@oh-my-pi/snapcompact": "18.8.7",
        "@opentelemetry/api": "^1.9.1"
      },
      "engines": {
        "bun": ">=1.3.14"
      }
    },
    "node_modules/@oh-my-pi/pi-ai": {
      "version": "18.8.7",
      "resolved": "https://registry.npmjs.org/@oh-my-pi/pi-ai/-/pi-ai-18.8.7.tgz",
      "integrity": "sha512-2QbOtyAfsy+vT6sqemM+PdnzOq/xjHwTfVvxYBxojY9en4erBoylvz+H4RVfpGUD6b0uOPy9Y6VLux9bjIG3Ng==",
      "license": "MIT",
      "dependencies": {
        "@oh-my-pi/omptype": "18.8.7",
        "@oh-my-pi/pi-catalog": "18.8.7",
        "@oh-my-pi/pi-natives": "18.8.7",
        "@oh-my-pi/pi-utils": "18.8.7",
        "@oh-my-pi/pi-wire": "18.8.7"
      },
      "engines": {
        "bun": ">=1.3.14"
      }
    },
    "node_modules/@oh-my-pi/pi-catalog": {
      "version": "18.8.7",
      "resolved": "https://registry.npmjs.org/@oh-my-pi/pi-catalog/-/pi-catalog-18.8.7.tgz",
      "integrity": "sha512-OZC5RYeqJxi07VO/UqD7BWs81YePHJpCMI1LSt7PAdRDbMwoG4ZsZE9JqygwpSb6rdGMjmCyoFiGCJ1e1lrxNw==",
      "license": "MIT",
      "dependencies": {
        "@oh-my-pi/omptype": "18.8.7",
        "@oh-my-pi/pi-utils": "18.8.7"
      },
      "engines": {
        "bun": ">=1.3.14"
      }
    },
    "node_modules/@oh-my-pi/pi-natives": {
      "version": "18.8.7",
      "resolved": "https://registry.npmjs.org/@oh-my-pi/pi-natives/-/pi-natives-18.8.7.tgz",
      "integrity": "sha512-hARXbyhseG3jr0p60AJM6QSBLF/0oaXL6rHztt0gLSlwyWwmQtguUaCAgFqYz4GsyODramwSSC+AAqUu3eLLyw==",
      "license": "MIT",
      "engines": {
        "bun": ">=1.3.14"
      },
      "optionalDependencies": {
        "@oh-my-pi/pi-natives-darwin-arm64": "18.8.7",
        "@oh-my-pi/pi-natives-darwin-x64": "18.8.7",
        "@oh-my-pi/pi-natives-linux-arm64": "18.8.7",
        "@oh-my-pi/pi-natives-linux-x64": "18.8.7",
        "@oh-my-pi/pi-natives-win32-arm64": "18.8.7",
        "@oh-my-pi/pi-natives-win32-x64": "18.8.7"
      }
    },
    "node_modules/@oh-my-pi/pi-natives-darwin-arm64": {
      "version": "18.8.7",
      "resolved": "https://registry.npmjs.org/@oh-my-pi/pi-natives-darwin-arm64/-/pi-natives-darwin-arm64-18.8.7.tgz",
      "integrity": "sha512-W957i6fKhx7QVRF3Blpbq23Jc98B/Nq6FkllMurtNRMzK/1+/qtQ+P3maB9srkqMdf8vAEfjI3SNApQ7evdtOQ==",
      "cpu": [
        "arm64"
      ],
      "license": "MIT",
      "optional": true,
      "os": [
        "darwin"
      ],
      "engines": {
        "bun": ">=1.3.14"
      }
    },
    "node_modules/@oh-my-pi/pi-natives-darwin-x64": {
      "version": "18.8.7",
      "resolved": "https://registry.npmjs.org/@oh-my-pi/pi-natives-darwin-x64/-/pi-natives-darwin-x64-18.8.7.tgz",
      "integrity": "sha512-z2oqE5mQAvFl4MFhaiJmbkDDeLE6N/PzOvsnMfcwnuQyDaNHpbTo9ENcpRQfX4PDWGtlHKP+Lnbs0XeWBFUcCQ==",
      "cpu": [
        "x64"
      ],
      "license": "MIT",
      "optional": true,
      "os": [
        "darwin"
      ],
      "engines": {
        "bun": ">=1.3.14"
      }
    },
    "node_modules/@oh-my-pi/pi-natives-linux-arm64": {
      "version": "18.8.7",
      "resolved": "https://registry.npmjs.org/@oh-my-pi/pi-natives-linux-arm64/-/pi-natives-linux-arm64-18.8.7.tgz",
      "integrity": "sha512-8dxGIS0wg9nXMeNbq+pOHlHrLQiaQ19iol63QvthTwwzDbLNJxBMW2AyaPmDg0Nx6CtTZ7SeYebQX6Z26rwLcA==",
      "cpu": [
        "arm64"
      ],
      "license": "MIT",
      "optional": true,
      "os": [
        "linux"
      ],
      "engines": {
        "bun": ">=1.3.14"
      }
    },
    "node_modules/@oh-my-pi/pi-natives-linux-x64": {
      "version": "18.8.7",
      "resolved": "https://registry.npmjs.org/@oh-my-pi/pi-natives-linux-x64/-/pi-natives-linux-x64-18.8.7.tgz",
      "integrity": "sha512-2wo3Ot+XwEfq7OiuvckqyBoC8Sj30jNNL/b2Vl6Z/nuGru50jWi36YQPQWkJY89YxuSDZc0IG8GYTcr+TGhCnA==",
      "cpu": [
        "x64"
      ],
      "license": "MIT",
      "optional": true,
      "os": [
        "linux"
      ],
      "engines": {
        "bun": ">=1.3.14"
      }
    },
    "node_modules/@oh-my-pi/pi-natives-win32-arm64": {
      "version": "18.8.7",
      "resolved": "https://registry.npmjs.org/@oh-my-pi/pi-natives-win32-arm64/-/pi-natives-win32-arm64-18.8.7.tgz",
      "integrity": "sha512-0R6R2seJUgUSomYmSOeJ+z3F6xWCASj+7GvEEG6jTocfTeyQtO5k48nIoyuUUG7C8NtkwOlYFbXgkycCxPIWjQ==",
      "cpu": [
        "arm64"
      ],
      "license": "MIT",
      "optional": true,
      "os": [
        "win32"
      ],
      "engines": {
        "bun": ">=1.3.14"
      }
    },
    "node_modules/@oh-my-pi/pi-natives-win32-x64": {
      "version": "18.8.7",
      "resolved": "https://registry.npmjs.org/@oh-my-pi/pi-natives-win32-x64/-/pi-natives-win32-x64-18.8.7.tgz",
      "integrity": "sha512-k9eoYKgsdKKXkr39MA/i7fTtOE7KUy4dQY4yZ6c1T7s874EBdlFXRp+AwMffusbYxf8LNkhUSTEbZCQw3qYnuQ==",
      "cpu": [
        "x64"
      ],
      "license": "MIT",
      "optional": true,
      "os": [
        "win32"
      ],
      "engines": {
        "bun": ">=1.3.14"
      }
    },
    "node_modules/@oh-my-pi/pi-tui": {
      "version": "18.8.7",
      "resolved": "https://registry.npmjs.org/@oh-my-pi/pi-tui/-/pi-tui-18.8.7.tgz",
      "integrity": "sha512-iFEdIpGn1NpvT2OQUiq9oKKOTygrrIdb37ijz7WMZuqUP03iJIBY41YotBOEwLku1sDoxS4f9ZyhVycnc1ezJw==",
      "license": "MIT",
      "dependencies": {
        "@oh-my-pi/omptype": "18.8.7",
        "@oh-my-pi/pi-agent-core": "18.8.7",
        "@oh-my-pi/pi-ai": "18.8.7",
        "@oh-my-pi/pi-catalog": "18.8.7",
        "@oh-my-pi/pi-natives": "18.8.7",
        "@oh-my-pi/pi-utils": "18.8.7",
        "@oh-my-pi/pi-wire": "18.8.7",
        "@oh-my-pi/snapcompact": "18.8.7"
      },
      "engines": {
        "bun": ">=1.3.14"
      }
    },
    "node_modules/@oh-my-pi/pi-utils": {
      "version": "18.8.7",
      "resolved": "https://registry.npmjs.org/@oh-my-pi/pi-utils/-/pi-utils-18.8.7.tgz",
      "integrity": "sha512-vKOVp6PcEiWZ81hq+wWoK7VyNRRy3gawoOw9a0Gji7VQUltxwx+TZrh37Y9aMrqCXeCxdad9HGwWVPIjHbUh6A==",
      "license": "MIT",
      "dependencies": {
        "@oh-my-pi/pi-natives": "18.8.7"
      },
      "engines": {
        "bun": ">=1.3.14"
      }
    },
    "node_modules/@oh-my-pi/pi-wire": {
      "version": "18.8.7",
      "resolved": "https://registry.npmjs.org/@oh-my-pi/pi-wire/-/pi-wire-18.8.7.tgz",
      "integrity": "sha512-m0WPD+gCprYi5Vtes6yYJbzCdXxsabPqdDjvoH4xB1dWfEQ4TXiXn5u4ApgRDd+P7oXfydO7i76vyWKB7hIIAg==",
      "license": "MIT",
      "engines": {
        "bun": ">=1.3.14"
      }
    },
    "node_modules/@oh-my-pi/snapcompact": {
      "version": "18.8.7",
      "resolved": "https://registry.npmjs.org/@oh-my-pi/snapcompact/-/snapcompact-18.8.7.tgz",
      "integrity": "sha512-/uJJL9erZUOh7zoS8qrtLBpAFKIgkSDNHcaB8U0+TkCpXos3QNJWxL45dCeO2CAD0jGj7IRzEvDHWQnYVgYa8Q==",
      "license": "MIT",
      "dependencies": {
        "@oh-my-pi/pi-ai": "18.8.7",
        "@oh-my-pi/pi-catalog": "18.8.7",
        "@oh-my-pi/pi-natives": "18.8.7",
        "@oh-my-pi/pi-utils": "18.8.7",
        "@oh-my-pi/pi-wire": "18.8.7"
      },
      "engines": {
        "bun": ">=1.3.14"
      }
    },
    "node_modules/@opentelemetry/api": {
      "version": "1.9.1",
      "resolved": "https://registry.npmjs.org/@opentelemetry/api/-/api-1.9.1.tgz",
      "integrity": "sha512-gLyJlPHPZYdAk1JENA9LeHejZe1Ti77/pTeFm/nMXmQH/HFZlcS/O2XJB+L8fkbrNSqhdtlvjBVjxwUYanNH5Q==",
      "license": "Apache-2.0",
      "engines": {
        "node": ">=8.0.0"
      }
    },
    "node_modules/@puppeteer/browsers": {
      "version": "3.0.6",
      "resolved": "https://registry.npmjs.org/@puppeteer/browsers/-/browsers-3.0.6.tgz",
      "integrity": "sha512-B/gKoqlFkzhvzsI6jo9K1cZz9o5ypviVv/xu8CwA4grZzyVwN+XfkT+tu8T1zrauuEXv6VhS2oGX+6NL95WcKA==",
      "license": "Apache-2.0",
      "dependencies": {
        "modern-tar": "^0.7.6",
        "yargs": "^18.0.0"
      },
      "bin": {
        "browsers": "lib/main-cli.js"
      },
      "engines": {
        "node": ">=22.12.0"
      },
      "peerDependencies": {
        "proxy-agent": ">=8.0.1",
        "yauzl": "^2.10.0 || ^3.4.0"
      },
      "peerDependenciesMeta": {
        "proxy-agent": {
          "optional": true
        },
        "yauzl": {
          "optional": true
        }
      }
    },
    "node_modules/@types/bun": {
      "version": "1.3.14",
      "resolved": "https://registry.npmjs.org/@types/bun/-/bun-1.3.14.tgz",
      "integrity": "sha512-h1hFqFVcvAvD9j9K7ZW7vd82aSA+rTdznZa+5bwvCwqSB1jmmfLcbIWhOLx1/+boy/xmjgCs/OMUL8hRJSmnPw==",
      "dev": true,
      "license": "MIT",
      "dependencies": {
        "bun-types": "1.3.14"
      }
    },
    "node_modules/@types/node": {
      "version": "22.19.7",
      "resolved": "https://registry.npmjs.org/@types/node/-/node-22.19.7.tgz",
      "integrity": "sha512-MciR4AKGHWl7xwxkBa6xUGxQJ4VBOmPTF7sL+iGzuahOFaO0jHCsuEfS80pan1ef4gWId1oWOweIhrDEYLuaOw==",
      "dev": true,
      "license": "MIT",
      "dependencies": {
        "undici-types": "~6.21.0"
      }
    },
    "node_modules/ansi-regex": {
      "version": "6.4.0",
      "resolved": "https://registry.npmjs.org/ansi-regex/-/ansi-regex-6.4.0.tgz",
      "integrity": "sha512-KzTVk2tCWAHtYrvvvaP8bJKJq2pVinhLcGEQdtLIYPbmNGNyYe8QwNaTUYQp2J7/vIsUKt5QCqAfUkYyG9DkOw==",
      "license": "MIT",
      "engines": {
        "node": ">=12"
      },
      "funding": {
        "url": "https://github.com/chalk/ansi-regex?sponsor=1"
      }
    },
    "node_modules/ansi-styles": {
      "version": "6.2.3",
      "resolved": "https://registry.npmjs.org/ansi-styles/-/ansi-styles-6.2.3.tgz",
      "integrity": "sha512-4Dj6M28JB+oAH8kFkTLUo+a2jwOFkuqb3yucU0CANcRRUbxS0cP0nZYCGjcc3BNXwRIsUVmDGgzawme7zvJHvg==",
      "license": "MIT",
      "engines": {
        "node": ">=12"
      },
      "funding": {
        "url": "https://github.com/chalk/ansi-styles?sponsor=1"
      }
    },
    "node_modules/bun-types": {
      "version": "1.3.14",
      "resolved": "https://registry.npmjs.org/bun-types/-/bun-types-1.3.14.tgz",
      "integrity": "sha512-4N0ig0fEomHt5R0KCFWjovxow98rIoRwKolrYdCcknNwMekCXRnWEUvgu5soYV8QXtVsrUD8B95MBOZGPvr6KQ==",
      "dev": true,
      "license": "MIT",
      "dependencies": {
        "@types/node": "*"
      }
    },
    "node_modules/chromium-bidi": {
      "version": "16.0.1",
      "resolved": "https://registry.npmjs.org/chromium-bidi/-/chromium-bidi-16.0.1.tgz",
      "integrity": "sha512-J63PGu/9PpeCwLIcKYyzWP6yaVL5pxuBc0shlYCYM8BaAkmlwiQboXO1iNbOgSDbVklEyYFfNEcHD8oOAWacUA==",
      "license": "Apache-2.0",
      "dependencies": {
        "mitt": "^3.0.1",
        "zod": "^3.24.1"
      },
      "engines": {
        "node": ">=20.19.0 <22.0.0 || >=22.12.0"
      },
      "peerDependencies": {
        "devtools-protocol": "*"
      }
    },
    "node_modules/cliui": {
      "version": "9.0.1",
      "resolved": "https://registry.npmjs.org/cliui/-/cliui-9.0.1.tgz",
      "integrity": "sha512-k7ndgKhwoQveBL+/1tqGJYNz097I7WOvwbmmU2AR5+magtbjPWQTS1C5vzGkBC8Ym8UWRzfKUzUUqFLypY4Q+w==",
      "license": "ISC",
      "dependencies": {
        "string-width": "^7.2.0",
        "strip-ansi": "^7.1.0",
        "wrap-ansi": "^9.0.0"
      },
      "engines": {
        "node": ">=20"
      }
    },
    "node_modules/cliui/node_modules/string-width": {
      "version": "7.2.0",
      "resolved": "https://registry.npmjs.org/string-width/-/string-width-7.2.0.tgz",
      "integrity": "sha512-tsaTIkKW9b4N+AEj+SVA+WhJzV7/zMhcSu78mLKWSk7cXMOSHsBKFWUs0fWwq8QyK3MgJBQRX6Gbi4kYbdvGkQ==",
      "license": "MIT",
      "dependencies": {
        "emoji-regex": "^10.3.0",
        "get-east-asian-width": "^1.0.0",
        "strip-ansi": "^7.1.0"
      },
      "engines": {
        "node": ">=18"
      },
      "funding": {
        "url": "https://github.com/sponsors/sindresorhus"
      }
    },
    "node_modules/devtools-protocol": {
      "version": "0.0.1638949",
      "resolved": "https://registry.npmjs.org/devtools-protocol/-/devtools-protocol-0.0.1638949.tgz",
      "integrity": "sha512-mXwg4Fqnv0WR4iuAT/gYUmctNkjILwXFHyZ+m7Ty1dfr0ezZt2U3gnrrJTfRobJTHoXf+IbuFvFITzLrLFjwJA==",
      "license": "BSD-3-Clause"
    },
    "node_modules/emoji-regex": {
      "version": "10.6.0",
      "resolved": "https://registry.npmjs.org/emoji-regex/-/emoji-regex-10.6.0.tgz",
      "integrity": "sha512-toUI84YS5YmxW219erniWD0CIVOo46xGKColeNQRgOzDorgBi1v4D71/OFzgD9GO2UGKIv1C3Sp8DAn0+j5w7A==",
      "license": "MIT"
    },
    "node_modules/escalade": {
      "version": "3.2.0",
      "resolved": "https://registry.npmjs.org/escalade/-/escalade-3.2.0.tgz",
      "integrity": "sha512-WUj2qlxaQtO4g6Pq5c29GTcWGDyd8itL8zTlipgECz3JesAiiOKotd8JU6otB3PACgG6xkJUyVhboMS+bje/jA==",
      "license": "MIT",
      "engines": {
        "node": ">=6"
      }
    },
    "node_modules/get-caller-file": {
      "version": "2.0.5",
      "resolved": "https://registry.npmjs.org/get-caller-file/-/get-caller-file-2.0.5.tgz",
      "integrity": "sha512-DyFP3BM/3YHTQOCUL/w0OZHR0lpKeGrxotcHWcqNEdnltqFwXVfhEBQ94eIo34AfQpo0rGki4cyIiftY06h2Fg==",
      "license": "ISC",
      "engines": {
        "node": "6.* || 8.* || >= 10.*"
      }
    },
    "node_modules/get-east-asian-width": {
      "version": "1.7.0",
      "resolved": "https://registry.npmjs.org/get-east-asian-width/-/get-east-asian-width-1.7.0.tgz",
      "integrity": "sha512-XjH1AECxf0giL2V1aU8vKyRR2ppRUb5c0EvT7zuJTokQ74bNo52zOtghqdWIqrhUD79fo3x0WfKZdOqxF6LG1Q==",
      "license": "MIT",
      "engines": {
        "node": ">=18"
      },
      "funding": {
        "url": "https://github.com/sponsors/sindresorhus"
      }
    },
    "node_modules/jose": {
      "version": "6.2.12",
      "resolved": "https://registry.npmjs.org/jose/-/jose-6.2.12.tgz",
      "integrity": "sha512-9NiFmJEex0sy2Dk58j2UGBSHgUs2ypF9eZSu4L6vjOX3Dp96Sw1F3uL+H+D1sx02jZZdzUT0HgvCy59CuvXcWw==",
      "license": "MIT",
      "funding": {
        "url": "https://github.com/sponsors/panva"
      }
    },
    "node_modules/mitt": {
      "version": "3.0.1",
      "resolved": "https://registry.npmjs.org/mitt/-/mitt-3.0.1.tgz",
      "integrity": "sha512-vKivATfr97l2/QBCYAkXYDbrIWPM2IIKEl7YPhjCvKlG3kE2gm+uBo6nEXK3M5/Ffh/FLpKExzOQ3JJoJGFKBw==",
      "license": "MIT"
    },
    "node_modules/modern-tar": {
      "version": "0.7.7",
      "resolved": "https://registry.npmjs.org/modern-tar/-/modern-tar-0.7.7.tgz",
      "integrity": "sha512-t9VmxaqrmANnEOBhpSDI6HD192Ge48k8vmWqQQL7hSFEqHEYwZbbsu49+aKLWZeRvFs3j1pMhXOqqF4kPlvjkQ==",
      "license": "MIT",
      "engines": {
        "node": ">=18.0.0"
      }
    },
    "node_modules/openai": {
      "version": "7.32.0",
      "resolved": "https://registry.npmjs.org/openai/-/openai-7.32.0.tgz",
      "integrity": "sha512-avqxu/jl1gsVBCBgFNPr9sTh+wZppQphuhhFy1zEvAJxEaJ4t0ery6hZdOT9kws/EcNTARoQcZs2IT3bliE1SA==",
      "license": "Apache-2.0",
      "engines": {
        "node": ">=22.0.0"
      },
      "peerDependencies": {
        "@aws-sdk/credential-provider-node": ">=3.972.0 <4",
        "@smithy/hash-node": ">=4.3.0 <5",
        "@smithy/signature-v4": ">=5.4.0 <6",
        "undici": ">=5 <9",
        "ws": "^8.21.0",
        "zod": "^3.25 || ^4.0"
      },
      "peerDependenciesMeta": {
        "@aws-sdk/credential-provider-node": {
          "optional": true
        },
        "@smithy/hash-node": {
          "optional": true
        },
        "@smithy/signature-v4": {
          "optional": true
        },
        "undici": {
          "optional": true
        },
        "ws": {
          "optional": true
        },
        "zod": {
          "optional": true
        }
      }
    },
    "node_modules/puppeteer-core": {
      "version": "25.3.0",
      "resolved": "https://registry.npmjs.org/puppeteer-core/-/puppeteer-core-25.3.0.tgz",
      "integrity": "sha512-fm+wpUr2oigH1PXZvwgATrM2tYWHMDG8ASzTEe9uukCye4X5Ldx1K5BTHPFKITrIWvQQAQ256d1NpbEveBcKjA==",
      "license": "Apache-2.0",
      "dependencies": {
        "@puppeteer/browsers": "3.0.6",
        "chromium-bidi": "16.0.1",
        "devtools-protocol": "0.0.1638949",
        "typed-query-selector": "^2.12.2",
        "webdriver-bidi-protocol": "0.4.2",
        "ws": "^8.21.0"
      },
      "engines": {
        "node": ">=22.12.0"
      }
    },
    "node_modules/smol-toml": {
      "version": "1.9.1",
      "resolved": "https://registry.npmjs.org/smol-toml/-/smol-toml-1.9.1.tgz",
      "integrity": "sha512-j7WyPdf0CJoutMzMoPLF/bVXHtKZIT9Rb4eGeEbWw8X2t5oirjPgpL+OpaENZrILYaXqYwnVH+qgUwVbl+pUJQ==",
      "license": "BSD-3-Clause",
      "engines": {
        "node": ">= 18"
      },
      "funding": {
        "url": "https://github.com/sponsors/cyyynthia"
      }
    },
    "node_modules/string-width": {
      "version": "8.3.0",
      "resolved": "https://registry.npmjs.org/string-width/-/string-width-8.3.0.tgz",
      "integrity": "sha512-ZbmZM0JCihQN91dWnxoipT2KOEyHqEyfRXUyjuRhW8b/xnqPDoq4gWEVApTVa9db2wN8mmoikgFBbjh71+cGeQ==",
      "license": "MIT",
      "dependencies": {
        "get-east-asian-width": "^1.5.0",
        "strip-ansi": "^7.1.2"
      },
      "engines": {
        "node": ">=20"
      },
      "funding": {
        "url": "https://github.com/sponsors/sindresorhus"
      }
    },
    "node_modules/strip-ansi": {
      "version": "7.2.0",
      "resolved": "https://registry.npmjs.org/strip-ansi/-/strip-ansi-7.2.0.tgz",
      "integrity": "sha512-yDPMNjp4WyfYBkHnjIRLfca1i6KMyGCtsVgoKe/z1+6vukgaENdgGBZt+ZmKPc4gavvEZ5OgHfHdrazhgNyG7w==",
      "license": "MIT",
      "dependencies": {
        "ansi-regex": "^6.2.2"
      },
      "engines": {
        "node": ">=12"
      },
      "funding": {
        "url": "https://github.com/chalk/strip-ansi?sponsor=1"
      }
    },
    "node_modules/typed-query-selector": {
      "version": "2.12.3",
      "resolved": "https://registry.npmjs.org/typed-query-selector/-/typed-query-selector-2.12.3.tgz",
      "integrity": "sha512-/dtuMZyutHLlrxWhhC1uib00ELUr2dZ8C9B8YzZYsJmeE3V56OxRblrSM2UaF142pcMtak7ehZ6+poWGeehNIg==",
      "license": "MIT"
    },
    "node_modules/typescript": {
      "version": "5.9.3",
      "resolved": "https://registry.npmjs.org/typescript/-/typescript-5.9.3.tgz",
      "integrity": "sha512-jl1vZzPDinLr9eUt3J/t7V6FgNEw9QjvBPdysz9KfQDD41fQrC2Y4vKQdiaUpFT4bXlb1RHhLpp8wtm6M5TgSw==",
      "dev": true,
      "license": "Apache-2.0",
      "bin": {
        "tsc": "bin/tsc",
        "tsserver": "bin/tsserver"
      },
      "engines": {
        "node": ">=14.17"
      }
    },
    "node_modules/undici-types": {
      "version": "6.21.0",
      "resolved": "https://registry.npmjs.org/undici-types/-/undici-types-6.21.0.tgz",
      "integrity": "sha512-iwDZqg0QAGrg9Rav5H4n0M64c3mkR59cJ6wQp+7C4nI0gsmExaedaYLNO44eT4AtBBwjbTiGPMlt2Md0T9H9JQ==",
      "dev": true,
      "license": "MIT"
    },
    "node_modules/webdriver-bidi-protocol": {
      "version": "0.4.2",
      "resolved": "https://registry.npmjs.org/webdriver-bidi-protocol/-/webdriver-bidi-protocol-0.4.2.tgz",
      "integrity": "sha512-VSV+fzfChirL3e7jay2yUC7B4HQCGtEWEg/MSSQbK+qWbqeGlRLlXTzPpYr3XGUvbpDHumWZBJxgesg4N7dbtA==",
      "license": "Apache-2.0"
    },
    "node_modules/wrap-ansi": {
      "version": "9.0.2",
      "resolved": "https://registry.npmjs.org/wrap-ansi/-/wrap-ansi-9.0.2.tgz",
      "integrity": "sha512-42AtmgqjV+X1VpdOfyTGOYRi0/zsoLqtXQckTmqTeybT+BDIbM/Guxo7x3pE2vtpr1ok6xRqM9OpBe+Jyoqyww==",
      "license": "MIT",
      "dependencies": {
        "ansi-styles": "^6.2.1",
        "string-width": "^7.0.0",
        "strip-ansi": "^7.1.0"
      },
      "engines": {
        "node": ">=18"
      },
      "funding": {
        "url": "https://github.com/chalk/wrap-ansi?sponsor=1"
      }
    },
    "node_modules/wrap-ansi/node_modules/string-width": {
      "version": "7.2.0",
      "resolved": "https://registry.npmjs.org/string-width/-/string-width-7.2.0.tgz",
      "integrity": "sha512-tsaTIkKW9b4N+AEj+SVA+WhJzV7/zMhcSu78mLKWSk7cXMOSHsBKFWUs0fWwq8QyK3MgJBQRX6Gbi4kYbdvGkQ==",
      "license": "MIT",
      "dependencies": {
        "emoji-regex": "^10.3.0",
        "get-east-asian-width": "^1.0.0",
        "strip-ansi": "^7.1.0"
      },
      "engines": {
        "node": ">=18"
      },
      "funding": {
        "url": "https://github.com/sponsors/sindresorhus"
      }
    },
    "node_modules/ws": {
      "version": "8.22.0",
      "resolved": "https://registry.npmjs.org/ws/-/ws-8.22.0.tgz",
      "integrity": "sha512-Ydggc987+RO0AnWtZ/7Wq9FtNvcrL1b/RO0ud9mWjUPgDrsAAwQSF51sm2hm1XofbU/4jkpGEsLFsZZxU+1DOg==",
      "license": "MIT",
      "engines": {
        "node": ">=10.0.0"
      },
      "peerDependencies": {
        "bufferutil": "^4.0.1",
        "utf-8-validate": ">=5.0.2"
      },
      "peerDependenciesMeta": {
        "bufferutil": {
          "optional": true
        },
        "utf-8-validate": {
          "optional": true
        }
      }
    },
    "node_modules/y18n": {
      "version": "5.0.8",
      "resolved": "https://registry.npmjs.org/y18n/-/y18n-5.0.8.tgz",
      "integrity": "sha512-0pfFzegeDWJHJIAmTLRP2DwHjdF5s7jo9tuztdQxAhINCdvS+3nGINqPd00AphqJR/0LhANUS6/+7SCb98YOfA==",
      "license": "ISC",
      "engines": {
        "node": ">=10"
      }
    },
    "node_modules/yargs": {
      "version": "18.2.0",
      "resolved": "https://registry.npmjs.org/yargs/-/yargs-18.2.0.tgz",
      "integrity": "sha512-9OpKOLeaoNFecEp7P6iYbzze/5CqWoH7N3SMs/6y1XF4nMvFMspEGZzJ6uFi9MmQwXhyzqYoSEKO3tvA3Z/o2w==",
      "license": "MIT",
      "dependencies": {
        "cliui": "^9.0.1",
        "escalade": "^3.1.1",
        "get-caller-file": "^2.0.5",
        "string-width": "^8.2.1",
        "y18n": "^5.0.5",
        "yargs-parser": "^22.0.0"
      },
      "engines": {
        "node": "^20.19.0 || ^22.12.0 || >=23"
      }
    },
    "node_modules/yargs-parser": {
      "version": "22.0.0",
      "resolved": "https://registry.npmjs.org/yargs-parser/-/yargs-parser-22.0.0.tgz",
      "integrity": "sha512-rwu/ClNdSMpkSrUb+d6BRsSkLUq1fmfsY6TOpYzTwvwkg1/NRG85KBy3kq++A8LKQwX6lsu+aWad+2khvuXrqw==",
      "license": "ISC",
      "engines": {
        "node": "^20.19.0 || ^22.12.0 || >=23"
      }
    },
    "node_modules/zod": {
      "version": "3.25.76",
      "resolved": "https://registry.npmjs.org/zod/-/zod-3.25.76.tgz",
      "integrity": "sha512-gzUt/qt81nXsFGKIFcC3YnfEAx5NkunCfnDlvuBSSFS02bcXu4Lmea0AFIUwbLWxWPx3d9p8S5QoaujKcNQxcQ==",
      "license": "MIT",
      "funding": {
        "url": "https://github.com/sponsors/colinhacks"
      }
    }
  }
}
